
Microsoft Visual Studio Solution File, Format Version 12.00
# Visual Studio Version 17
VisualStudioVersion = 17.0.31903.59
MinimumVisualStudioVersion = 10.0.40219.1
Project("{FAE04EC0-301F-11D3-BF4B-00C04F79EFBC}") = "day-23", "day-23\day-23.csproj", "{A3DE8421-DDE6-4E8E-A4B2-A3516C8675ED}"
EndProject
Project("{FAE04EC0-301F-11D3-BF4B-00C04F79EFBC}") = "day-14", "day-14\day-14.csproj", "{2C4B7B3C-7D45-4C32-B1C3-97B97F02C0AA}"
EndProject
Project("{FAE04EC0-301F-11D3-BF4B-00C04F79EFBC}") = "day-19", "day-19\day-19.csproj", "{5F86CF3D-8165-417B-8803-7766FACA0C69}"
EndProject
Project("{FAE04EC0-301F-11D3-BF4B-00C04F79EFBC}") = "day-1", "day-1\day-1.csproj", "{A4E5062A-9C03-4462-A5D2-145486DDFA22}"
EndProject
Project("{FAE04EC0-301F-11D3-BF4B-00C04F79EFBC}") = "day-5", "day-5\day-5.csproj", "{78CEDE0D-A9FF-4BDC-9ED5-9BB0715F23A8}"
EndProject
Project("{FAE04EC0-301F-11D3-BF4B-00C04F79EFBC}") = "day-7", "day-7\day-7.csproj", "{3B7484D7-6CA4-4717-9EE8-BAA83F3038FD}"
EndProject
Project("{FAE04EC0-301F-11D3-BF4B-00C04F79EFBC}") = "day-18", "day-18\day-18.csproj", "{9A19B1FD-1E11-42C2-BF5E-86048177BF88}"
EndProject
Project("{FAE04EC0-301F-11D3-BF4B-00C04F79EFBC}") = "day-6", "day-6\day-6.csproj", "{6659889E-B87A-4A85-A880-3AF9E00E3DF2}"
EndProject
Project("{FAE04EC0-301F-11D3-BF4B-00C04F79EFBC}") = "day-10", "day-10\day-10.csproj", "{B704B371-1B7C-4F64-96CC-672D0F75CA18}"
EndProject
Project("{FAE04EC0-301F-11D3-BF4B-00C04F79EFBC}") = "day-3", "day-3\day-3.csproj", "{3B7E67B8-D9D5-41FF-B303-37A8A47EAD82}"
EndProject
Project("{FAE04EC0-301F-11D3-BF4B-00C04F79EFBC}") = "day-2", "day-2\day-2.csproj", "{420DBD8E-34D9-4ECB-B188-0488AF28A080}"
EndProject
Project("{FAE04EC0-301F-11D3-BF4B-00C04F79EFBC}") = "day-24", "day-24\day-24.csproj", "{D0340A70-67D5-4111-BE70-7068672ECD56}"
EndProject
Project("{FAE04EC0-301F-11D3-BF4B-00C04F79EFBC}") = "day-22", "day-22\day-22.csproj", "{F46F4852-2FD1-4A7C-8666-1B942494D4FD}"
EndProject
Project("{FAE04EC0-301F-11D3-BF4B-00C04F79EFBC}") = "day-25", "day-25\day-25.csproj", "{A5026EDD-E7FB-435A-8E69-FF1B60E10936}"
EndProject
Project("{FAE04EC0-301F-11D3-BF4B-00C04F79EFBC}") = "day-20", "day-20\day-20.csproj", "{23614DEC-9308-4B4B-B5A7-952C9E563095}"
EndProject
Project("{FAE04EC0-301F-11D3-BF4B-00C04F79EFBC}") = "day-16", "day-16\day-16.csproj", "{92B3AF06-34A9-4520-99F9-DF7E8CF4653A}"
EndProject
Project("{FAE04EC0-301F-11D3-BF4B-00C04F79EFBC}") = "day-15", "day-15\day-15.csproj", "{1D1FD6B8-E12F-4B61-9B9F-38ED12D0E743}"
EndProject
Project("{FAE04EC0-301F-11D3-BF4B-00C04F79EFBC}") = "day-12", "day-12\day-12.csproj", "{DC51DBDC-22E6-4893-AD65-0AB82C56B780}"
EndProject
Project("{FAE04EC0-301F-11D3-BF4B-00C04F79EFBC}") = "day-17", "day-17\day-17.csproj", "{8F26E620-C6E8-4D4E-8FE8-DC036C359D25}"
EndProject
Project("{FAE04EC0-301F-11D3-BF4B-00C04F79EFBC}") = "day-8", "day-8\day-8.csproj", "{915C3A21-24BA-476A-BE33-DA308524C351}"
EndProject
Project("{FAE04EC0-301F-11D3-BF4B-00C04F79EFBC}") = "day-13", "day-13\day-13.csproj", "{7A424E8C-0107-4753-BD96-E187D39E6E3D}"
EndProject
Project("{FAE04EC0-301F-11D3-BF4B-00C04F79EFBC}") = "day-21", "day-21\day-21.csproj", "{FF6E1167-AC4A-4AB3-A850-F437654EB63C}"
EndProject
Project("{FAE04EC0-301F-11D3-BF4B-00C04F79EFBC}") = "day-9", "day-9\day-9.csproj", "{9FC74DCF-85FA-4E9F-BDEF-4DB5AC23B16A}"
EndProject
Project("{FAE04EC0-301F-11D3-BF4B-00C04F79EFBC}") = "day-11", "day-11\day-11.csproj", "{1F686B15-1967-4365-8566-D04C11B53A1F}"
EndProject
Project("{FAE04EC0-301F-11D3-BF4B-00C04F79EFBC}") = "day-4", "day-4\day-4.csproj", "{221BDBB9-377D-4F09-858D-A5AD3651F448}"
EndProject
Global
	GlobalSection(SolutionConfigurationPlatforms) = preSolution
		Debug|Any CPU = Debug|Any CPU
		Release|Any CPU = Release|Any CPU
	EndGlobalSection
	GlobalSection(SolutionProperties) = preSolution
		HideSolutionNode = FALSE
	EndGlobalSection
	GlobalSection(ProjectConfigurationPlatforms) = postSolution
		{A3DE8421-DDE6-4E8E-A4B2-A3516C8675ED}.Debug|Any CPU.ActiveCfg = Debug|Any CPU
		{A3DE8421-DDE6-4E8E-A4B2-A3516C8675ED}.Debug|Any CPU.Build.0 = Debug|Any CPU
		{A3DE8421-DDE6-4E8E-A4B2-A3516C8675ED}.Release|Any CPU.ActiveCfg = Release|Any CPU
		{A3DE8421-DDE6-4E8E-A4B2-A3516C8675ED}.Release|Any CPU.Build.0 = Release|Any CPU
		{2C4B7B3C-7D45-4C32-B1C3-97B97F02C0AA}.Debug|Any CPU.ActiveCfg = Debug|Any CPU
		{2C4B7B3C-7D45-4C32-B1C3-97B97F02C0AA}.Debug|Any CPU.Build.0 = Debug|Any CPU
		{2C4B7B3C-7D45-4C32-B1C3-97B97F02C0AA}.Release|Any CPU.ActiveCfg = Release|Any CPU
		{2C4B7B3C-7D45-4C32-B1C3-97B97F02C0AA}.Release|Any CPU.Build.0 = Release|Any CPU
		{5F86CF3D-8165-417B-8803-7766FACA0C69}.Debug|Any CPU.ActiveCfg = Debug|Any CPU
		{5F86CF3D-8165-417B-8803-7766FACA0C69}.Debug|Any CPU.Build.0 = Debug|Any CPU
		{5F86CF3D-8165-417B-8803-7766FACA0C69}.Release|Any CPU.ActiveCfg = Release|Any CPU
		{5F86CF3D-8165-417B-8803-7766FACA0C69}.Release|Any CPU.Build.0 = Release|Any CPU
		{A4E5062A-9C03-4462-A5D2-145486DDFA22}.Debug|Any CPU.ActiveCfg = Debug|Any CPU
		{A4E5062A-9C03-4462-A5D2-145486DDFA22}.Debug|Any CPU.Build.0 = Debug|Any CPU
		{A4E5062A-9C03-4462-A5D2-145486DDFA22}.Release|Any CPU.ActiveCfg = Release|Any CPU
		{A4E5062A-9C03-4462-A5D2-145486DDFA22}.Release|Any CPU.Build.0 = Release|Any CPU
		{78CEDE0D-A9FF-4BDC-9ED5-9BB0715F23A8}.Debug|Any CPU.ActiveCfg = Debug|Any CPU
		{78CEDE0D-A9FF-4BDC-9ED5-9BB0715F23A8}.Debug|Any CPU.Build.0 = Debug|Any CPU
		{78CEDE0D-A9FF-4BDC-9ED5-9BB0715F23A8}.Release|Any CPU.ActiveCfg = Release|Any CPU
		{78CEDE0D-A9FF-4BDC-9ED5-9BB0715F23A8}.Release|Any CPU.Build.0 = Release|Any CPU
		{3B7484D7-6CA4-4717-9EE8-BAA83F3038FD}.Debug|Any CPU.ActiveCfg = Debug|Any CPU
		{3B7484D7-6CA4-4717-9EE8-BAA83F3038FD}.Debug|Any CPU.Build.0 = Debug|Any CPU
		{3B7484D7-6CA4-4717-9EE8-BAA83F3038FD}.Release|Any CPU.ActiveCfg = Release|Any CPU
		{3B7484D7-6CA4-4717-9EE8-BAA83F3038FD}.Release|Any CPU.Build.0 = Release|Any CPU
		{9A19B1FD-1E11-42C2-BF5E-86048177BF88}.Debug|Any CPU.ActiveCfg = Debug|Any CPU
		{9A19B1FD-1E11-42C2-BF5E-86048177BF88}.Debug|Any CPU.Build.0 = Debug|Any CPU
		{9A19B1FD-1E11-42C2-BF5E-86048177BF88}.Release|Any CPU.ActiveCfg = Release|Any CPU
		{9A19B1FD-1E11-42C2-BF5E-86048177BF88}.Release|Any CPU.Build.0 = Release|Any CPU
		{6659889E-B87A-4A85-A880-3AF9E00E3DF2}.Debug|Any CPU.ActiveCfg = Debug|Any CPU
		{6659889E-B87A-4A85-A880-3AF9E00E3DF2}.Debug|Any CPU.Build.0 = Debug|Any CPU
		{6659889E-B87A-4A85-A880-3AF9E00E3DF2}.Release|Any CPU.ActiveCfg = Release|Any CPU
		{6659889E-B87A-4A85-A880-3AF9E00E3DF2}.Release|Any CPU.Build.0 = Release|Any CPU
		{B704B371-1B7C-4F64-96CC-672D0F75CA18}.Debug|Any CPU.ActiveCfg = Debug|Any CPU
		{B704B371-1B7C-4F64-96CC-672D0F75CA18}.Debug|Any CPU.Build.0 = Debug|Any CPU
		{B704B371-1B7C-4F64-96CC-672D0F75CA18}.Release|Any CPU.ActiveCfg = Release|Any CPU
		{B704B371-1B7C-4F64-96CC-672D0F75CA18}.Release|Any CPU.Build.0 = Release|Any CPU
		{3B7E67B8-D9D5-41FF-B303-37A8A47EAD82}.Debug|Any CPU.ActiveCfg = Debug|Any CPU
		{3B7E67B8-D9D5-41FF-B303-37A8A47EAD82}.Debug|Any CPU.Build.0 = Debug|Any CPU
		{3B7E67B8-D9D5-41FF-B303-37A8A47EAD82}.Release|Any CPU.ActiveCfg = Release|Any CPU
		{3B7E67B8-D9D5-41FF-B303-37A8A47EAD82}.Release|Any CPU.Build.0 = Release|Any CPU
		{420DBD8E-34D9-4ECB-B188-0488AF28A080}.Debug|Any CPU.ActiveCfg = Debug|Any CPU
		{420DBD8E-34D9-4ECB-B188-0488AF28A080}.Debug|Any CPU.Build.0 = Debug|Any CPU
		{420DBD8E-34D9-4ECB-B188-0488AF28A080}.Release|Any CPU.ActiveCfg = Release|Any CPU
		{420DBD8E-34D9-4ECB-B188-0488AF28A080}.Release|Any CPU.Build.0 = Release|Any CPU
		{D0340A70-67D5-4111-BE70-7068672ECD56}.Debug|Any CPU.ActiveCfg = Debug|Any CPU
		{D0340A70-67D5-4111-BE70-7068672ECD56}.Debug|Any CPU.Build.0 = Debug|Any CPU
		{D0340A70-67D5-4111-BE70-7068672ECD56}.Release|Any CPU.ActiveCfg = Release|Any CPU
		{D0340A70-67D5-4111-BE70-7068672ECD56}.Release|Any CPU.Build.0 = Release|Any CPU
		{F46F4852-2FD1-4A7C-8666-1B942494D4FD}.Debug|Any CPU.ActiveCfg = Debug|Any CPU
		{F46F4852-2FD1-4A7C-8666-1B942494D4FD}.Debug|Any CPU.Build.0 = Debug|Any CPU
		{F46F4852-2FD1-4A7C-8666-1B942494D4FD}.Release|Any CPU.ActiveCfg = Release|Any CPU
		{F46F4852-2FD1-4A7C-8666-1B942494D4FD}.Release|Any CPU.Build.0 = Release|Any CPU
		{A5026EDD-E7FB-435A-8E69-FF1B60E10936}.Debug|Any CPU.ActiveCfg = Debug|Any CPU
		{A5026EDD-E7FB-435A-8E69-FF1B60E10936}.Debug|Any CPU.Build.0 = Debug|Any CPU
		{A5026EDD-E7FB-435A-8E69-FF1B60E10936}.Release|Any CPU.ActiveCfg = Release|Any CPU
		{A5026EDD-E7FB-435A-8E69-FF1B60E10936}.Release|Any CPU.Build.0 = Release|Any CPU
		{23614DEC-9308-4B4B-B5A7-952C9E563095}.Debug|Any CPU.ActiveCfg = Debug|Any CPU
		{23614DEC-9308-4B4B-B5A7-952C9E563095}.Debug|Any CPU.Build.0 = Debug|Any CPU
		{23614DEC-9308-4B4B-B5A7-952C9E563095}.Release|Any CPU.ActiveCfg = Release|Any CPU
		{23614DEC-9308-4B4B-B5A7-952C9E563095}.Release|Any CPU.Build.0 = Release|Any CPU
		{92B3AF06-34A9-4520-99F9-DF7E8CF4653A}.Debug|Any CPU.ActiveCfg = Debug|Any CPU
		{92B3AF06-34A9-4520-99F9-DF7E8CF4653A}.Debug|Any CPU.Build.0 = Debug|Any CPU
		{92B3AF06-34A9-4520-99F9-DF7E8CF4653A}.Release|Any CPU.ActiveCfg = Release|Any CPU
		{92B3AF06-34A9-4520-99F9-DF7E8CF4653A}.Release|Any CPU.Build.0 = Release|Any CPU
		{1D1FD6B8-E12F-4B61-9B9F-38ED12D0E743}.Debug|Any CPU.ActiveCfg = Debug|Any CPU
		{1D1FD6B8-E12F-4B61-9B9F-38ED12D0E743}.Debug|Any CPU.Build.0 = Debug|Any CPU
		{1D1FD6B8-E12F-4B61-9B9F-38ED12D0E743}.Release|Any CPU.ActiveCfg = Release|Any CPU
		{1D1FD6B8-E12F-4B61-9B9F-38ED12D0E743}.Release|Any CPU.Build.0 = Release|Any CPU
		{DC51DBDC-22E6-4893-AD65-0AB82C56B780}.Debug|Any CPU.ActiveCfg = Debug|Any CPU
		{DC51DBDC-22E6-4893-AD65-0AB82C56B780}.Debug|Any CPU.Build.0 = Debug|Any CPU
		{DC51DBDC-22E6-4893-AD65-0AB82C56B780}.Release|Any CPU.ActiveCfg = Release|Any CPU
		{DC51DBDC-22E6-4893-AD65-0AB82C56B780}.Release|Any CPU.Build.0 = Release|Any CPU
		{8F26E620-C6E8-4D4E-8FE8-DC036C359D25}.Debug|Any CPU.ActiveCfg = Debug|Any CPU
		{8F26E620-C6E8-4D4E-8FE8-DC036C359D25}.Debug|Any CPU.Build.0 = Debug|Any CPU
		{8F26E620-C6E8-4D4E-8FE8-DC036C359D25}.Release|Any CPU.ActiveCfg = Release|Any CPU
		{8F26E620-C6E8-4D4E-8FE8-DC036C359D25}.Release|Any CPU.Build.0 = Release|Any CPU
		{915C3A21-24BA-476A-BE33-DA308524C351}.Debug|Any CPU.ActiveCfg = Debug|Any CPU
		{915C3A21-24BA-476A-BE33-DA308524C351}.Debug|Any CPU.Build.0 = Debug|Any CPU
		{915C3A21-24BA-476A-BE33-DA308524C351}.Release|Any CPU.ActiveCfg = Release|Any CPU
		{915C3A21-24BA-476A-BE33-DA308524C351}.Release|Any CPU.Build.0 = Release|Any CPU
		{7A424E8C-0107-4753-BD96-E187D39E6E3D}.Debug|Any CPU.ActiveCfg = Debug|Any CPU
		{7A424E8C-0107-4753-BD96-E187D39E6E3D}.Debug|Any CPU.Build.0 = Debug|Any CPU
		{7A424E8C-0107-4753-BD96-E187D39E6E3D}.Release|Any CPU.ActiveCfg = Release|Any CPU
		{7A424E8C-0107-4753-BD96-E187D39E6E3D}.Release|Any CPU.Build.0 = Release|Any CPU
		{FF6E1167-AC4A-4AB3-A850-F437654EB63C}.Debug|Any CPU.ActiveCfg = Debug|Any CPU
		{FF6E1167-AC4A-4AB3-A850-F437654EB63C}.Debug|Any CPU.Build.0 = Debug|Any CPU
		{FF6E1167-AC4A-4AB3-A850-F437654EB63C}.Release|Any CPU.ActiveCfg = Release|Any CPU
		{FF6E1167-AC4A-4AB3-A850-F437654EB63C}.Release|Any CPU.Build.0 = Release|Any CPU
		{9FC74DCF-85FA-4E9F-BDEF-4DB5AC23B16A}.Debug|Any CPU.ActiveCfg = Debug|Any CPU
		{9FC74DCF-85FA-4E9F-BDEF-4DB5AC23B16A}.Debug|Any CPU.Build.0 = Debug|Any CPU
		{9FC74DCF-85FA-4E9F-BDEF-4DB5AC23B16A}.Release|Any CPU.ActiveCfg = Release|Any CPU
		{9FC74DCF-85FA-4E9F-BDEF-4DB5AC23B16A}.Release|Any CPU.Build.0 = Release|Any CPU
		{1F686B15-1967-4365-8566-D04C11B53A1F}.Debug|Any CPU.ActiveCfg = Debug|Any CPU
		{1F686B15-1967-4365-8566-D04C11B53A1F}.Debug|Any CPU.Build.0 = Debug|Any CPU
		{1F686B15-1967-4365-8566-D04C11B53A1F}.Release|Any CPU.ActiveCfg = Release|Any CPU
		{1F686B15-1967-4365-8566-D04C11B53A1F}.Release|Any CPU.Build.0 = Release|Any CPU
		{221BDBB9-377D-4F09-858D-A5AD3651F448}.Debug|Any CPU.ActiveCfg = Debug|Any CPU
		{221BDBB9-377D-4F09-858D-A5AD3651F448}.Debug|Any CPU.Build.0 = Debug|Any CPU
		{221BDBB9-377D-4F09-858D-A5AD3651F448}.Release|Any CPU.ActiveCfg = Release|Any CPU
		{221BDBB9-377D-4F09-858D-A5AD3651F448}.Release|Any CPU.Build.0 = Release|Any CPU
	EndGlobalSection
EndGlobal
